
Microsoft Visual Studio Solution File, Format Version 12.00
Project("{FAE04EC0-301F-11D3-BF4B-00C04F79EFBC}") = "Funda.Api", "src\Funda.Api\Funda.Api.csproj", "{199ABED2-E021-4B9D-8661-0369EB2126C3}"
EndProject
Project("{2150E333-8FDC-42A3-9474-1A3956D46DE8}") = "src", "src", "{508990F1-51FB-43D8-97C8-EB55FD78A397}"
EndProject
Project("{2150E333-8FDC-42A3-9474-1A3956D46DE8}") = "tests", "tests", "{BEF40071-6542-418C-A40A-E32ED849FB68}"
EndProject
Project("{FAE04EC0-301F-11D3-BF4B-00C04F79EFBC}") = "Funda.DataPulling", "src\Funda.DataPulling\Funda.DataPulling.csproj", "{40ABA365-6768-485D-BC46-2C5FBE47ADFC}"
EndProject
Project("{FAE04EC0-301F-11D3-BF4B-00C04F79EFBC}") = "Funda.Domain", "src\Funda.Domain\Funda.Domain.csproj", "{5C4B64A4-3DEC-4D26-B961-A0E692CBA1BA}"
EndProject
Project("{2150E333-8FDC-42A3-9474-1A3956D46DE8}") = "services", "services", "{1DBC52D1-937A-4830-8F82-6B5B3B8582A5}"
EndProject
Project("{FAE04EC0-301F-11D3-BF4B-00C04F79EFBC}") = "Funda.DataPulling.Service", "src\Funda.DataPulling.Service\Funda.DataPulling.Service.csproj", "{0B74817F-A629-4DE0-B16F-D9DF3B0F1BC5}"
EndProject
Project("{FAE04EC0-301F-11D3-BF4B-00C04F79EFBC}") = "ServiceBus.Contracts", "src\ServiceBus.Contracts\ServiceBus.Contracts.csproj", "{D6273A0C-A679-4E1D-83C5-2F304AF5342F}"
EndProject
Project("{2150E333-8FDC-42A3-9474-1A3956D46DE8}") = "libs", "libs", "{BBF46BDC-C2C4-4603-9254-F82EC619C52F}"
EndProject
Project("{FAE04EC0-301F-11D3-BF4B-00C04F79EFBC}") = "Helpers", "src\Helpers\Helpers.csproj", "{0FBE5F34-7CB5-4842-AF27-38A0BC97165F}"
EndProject
Project("{FAE04EC0-301F-11D3-BF4B-00C04F79EFBC}") = "DistributedCacheRepository", "src\DistributedCacheRepository\DistributedCacheRepository.csproj", "{69B20737-4320-465C-93A5-1E67CBD0ED2E}"
EndProject
Project("{FAE04EC0-301F-11D3-BF4B-00C04F79EFBC}") = "DistributedCache.Keys", "src\DistributedCache.Keys\DistributedCache.Keys.csproj", "{833EC277-1A03-4D92-B3F8-69A86E7900A4}"
EndProject
Project("{FAE04EC0-301F-11D3-BF4B-00C04F79EFBC}") = "Funda.Top10Calculator", "src\Funda.Top10Calculator\Funda.Top10Calculator.csproj", "{B6BE0B08-5B76-49FA-858F-8C9B0B100FDE}"
EndProject
Project("{FAE04EC0-301F-11D3-BF4B-00C04F79EFBC}") = "Funda.Top10Calculator.Tests", "tests\Funda.Top10Calculator.Tests\Funda.Top10Calculator.Tests.csproj", "{EA2CB891-59D3-44BF-85AD-032E10523F3F}"
EndProject
Project("{FAE04EC0-301F-11D3-BF4B-00C04F79EFBC}") = "ServiceBus.HandlingOmitting", "src\ServiceBus.HandlingOmitting\ServiceBus.HandlingOmitting.csproj", "{D9D0A290-CEB2-4ACC-BB2A-4F644A0DB253}"
EndProject
Project("{FAE04EC0-301F-11D3-BF4B-00C04F79EFBC}") = "Funda.DataPuller.Api", "src\Funda.DataPuller.Api\Funda.DataPuller.Api.csproj", "{371B90DF-ADFA-4FF7-86AC-D2F5EBE21906}"
EndProject
Project("{FAE04EC0-301F-11D3-BF4B-00C04F79EFBC}") = "Funda.DataPulling.Tests", "tests\Funda.DataPulling.Tests\Funda.DataPulling.Tests.csproj", "{11B99386-EE33-48BF-B51A-DE00DCFD0B19}"
EndProject
Global
	GlobalSection(SolutionConfigurationPlatforms) = preSolution
		Debug|Any CPU = Debug|Any CPU
		Release|Any CPU = Release|Any CPU
	EndGlobalSection
	GlobalSection(ProjectConfigurationPlatforms) = postSolution
		{199ABED2-E021-4B9D-8661-0369EB2126C3}.Debug|Any CPU.ActiveCfg = Debug|Any CPU
		{199ABED2-E021-4B9D-8661-0369EB2126C3}.Debug|Any CPU.Build.0 = Debug|Any CPU
		{199ABED2-E021-4B9D-8661-0369EB2126C3}.Release|Any CPU.ActiveCfg = Release|Any CPU
		{199ABED2-E021-4B9D-8661-0369EB2126C3}.Release|Any CPU.Build.0 = Release|Any CPU
		{40ABA365-6768-485D-BC46-2C5FBE47ADFC}.Debug|Any CPU.ActiveCfg = Debug|Any CPU
		{40ABA365-6768-485D-BC46-2C5FBE47ADFC}.Debug|Any CPU.Build.0 = Debug|Any CPU
		{40ABA365-6768-485D-BC46-2C5FBE47ADFC}.Release|Any CPU.ActiveCfg = Release|Any CPU
		{40ABA365-6768-485D-BC46-2C5FBE47ADFC}.Release|Any CPU.Build.0 = Release|Any CPU
		{5C4B64A4-3DEC-4D26-B961-A0E692CBA1BA}.Debug|Any CPU.ActiveCfg = Debug|Any CPU
		{5C4B64A4-3DEC-4D26-B961-A0E692CBA1BA}.Debug|Any CPU.Build.0 = Debug|Any CPU
		{5C4B64A4-3DEC-4D26-B961-A0E692CBA1BA}.Release|Any CPU.ActiveCfg = Release|Any CPU
		{5C4B64A4-3DEC-4D26-B961-A0E692CBA1BA}.Release|Any CPU.Build.0 = Release|Any CPU
		{0B74817F-A629-4DE0-B16F-D9DF3B0F1BC5}.Debug|Any CPU.ActiveCfg = Debug|Any CPU
		{0B74817F-A629-4DE0-B16F-D9DF3B0F1BC5}.Debug|Any CPU.Build.0 = Debug|Any CPU
		{0B74817F-A629-4DE0-B16F-D9DF3B0F1BC5}.Release|Any CPU.ActiveCfg = Release|Any CPU
		{0B74817F-A629-4DE0-B16F-D9DF3B0F1BC5}.Release|Any CPU.Build.0 = Release|Any CPU
		{D6273A0C-A679-4E1D-83C5-2F304AF5342F}.Debug|Any CPU.ActiveCfg = Debug|Any CPU
		{D6273A0C-A679-4E1D-83C5-2F304AF5342F}.Debug|Any CPU.Build.0 = Debug|Any CPU
		{D6273A0C-A679-4E1D-83C5-2F304AF5342F}.Release|Any CPU.ActiveCfg = Release|Any CPU
		{D6273A0C-A679-4E1D-83C5-2F304AF5342F}.Release|Any CPU.Build.0 = Release|Any CPU
		{0FBE5F34-7CB5-4842-AF27-38A0BC97165F}.Debug|Any CPU.ActiveCfg = Debug|Any CPU
		{0FBE5F34-7CB5-4842-AF27-38A0BC97165F}.Debug|Any CPU.Build.0 = Debug|Any CPU
		{0FBE5F34-7CB5-4842-AF27-38A0BC97165F}.Release|Any CPU.ActiveCfg = Release|Any CPU
		{0FBE5F34-7CB5-4842-AF27-38A0BC97165F}.Release|Any CPU.Build.0 = Release|Any CPU
		{69B20737-4320-465C-93A5-1E67CBD0ED2E}.Debug|Any CPU.ActiveCfg = Debug|Any CPU
		{69B20737-4320-465C-93A5-1E67CBD0ED2E}.Debug|Any CPU.Build.0 = Debug|Any CPU
		{69B20737-4320-465C-93A5-1E67CBD0ED2E}.Release|Any CPU.ActiveCfg = Release|Any CPU
		{69B20737-4320-465C-93A5-1E67CBD0ED2E}.Release|Any CPU.Build.0 = Release|Any CPU
		{833EC277-1A03-4D92-B3F8-69A86E7900A4}.Debug|Any CPU.ActiveCfg = Debug|Any CPU
		{833EC277-1A03-4D92-B3F8-69A86E7900A4}.Debug|Any CPU.Build.0 = Debug|Any CPU
		{833EC277-1A03-4D92-B3F8-69A86E7900A4}.Release|Any CPU.ActiveCfg = Release|Any CPU
		{833EC277-1A03-4D92-B3F8-69A86E7900A4}.Release|Any CPU.Build.0 = Release|Any CPU
		{B6BE0B08-5B76-49FA-858F-8C9B0B100FDE}.Debug|Any CPU.ActiveCfg = Debug|Any CPU
		{B6BE0B08-5B76-49FA-858F-8C9B0B100FDE}.Debug|Any CPU.Build.0 = Debug|Any CPU
		{B6BE0B08-5B76-49FA-858F-8C9B0B100FDE}.Release|Any CPU.ActiveCfg = Release|Any CPU
		{B6BE0B08-5B76-49FA-858F-8C9B0B100FDE}.Release|Any CPU.Build.0 = Release|Any CPU
		{EA2CB891-59D3-44BF-85AD-032E10523F3F}.Debug|Any CPU.ActiveCfg = Debug|Any CPU
		{EA2CB891-59D3-44BF-85AD-032E10523F3F}.Debug|Any CPU.Build.0 = Debug|Any CPU
		{EA2CB891-59D3-44BF-85AD-032E10523F3F}.Release|Any CPU.ActiveCfg = Release|Any CPU
		{EA2CB891-59D3-44BF-85AD-032E10523F3F}.Release|Any CPU.Build.0 = Release|Any CPU
		{D9D0A290-CEB2-4ACC-BB2A-4F644A0DB253}.Debug|Any CPU.ActiveCfg = Debug|Any CPU
		{D9D0A290-CEB2-4ACC-BB2A-4F644A0DB253}.Debug|Any CPU.Build.0 = Debug|Any CPU
		{D9D0A290-CEB2-4ACC-BB2A-4F644A0DB253}.Release|Any CPU.ActiveCfg = Release|Any CPU
		{D9D0A290-CEB2-4ACC-BB2A-4F644A0DB253}.Release|Any CPU.Build.0 = Release|Any CPU
		{371B90DF-ADFA-4FF7-86AC-D2F5EBE21906}.Debug|Any CPU.ActiveCfg = Debug|Any CPU
		{371B90DF-ADFA-4FF7-86AC-D2F5EBE21906}.Debug|Any CPU.Build.0 = Debug|Any CPU
		{371B90DF-ADFA-4FF7-86AC-D2F5EBE21906}.Release|Any CPU.ActiveCfg = Release|Any CPU
		{371B90DF-ADFA-4FF7-86AC-D2F5EBE21906}.Release|Any CPU.Build.0 = Release|Any CPU
		{11B99386-EE33-48BF-B51A-DE00DCFD0B19}.Debug|Any CPU.ActiveCfg = Debug|Any CPU
		{11B99386-EE33-48BF-B51A-DE00DCFD0B19}.Debug|Any CPU.Build.0 = Debug|Any CPU
		{11B99386-EE33-48BF-B51A-DE00DCFD0B19}.Release|Any CPU.ActiveCfg = Release|Any CPU
		{11B99386-EE33-48BF-B51A-DE00DCFD0B19}.Release|Any CPU.Build.0 = Release|Any CPU
	EndGlobalSection
	GlobalSection(NestedProjects) = preSolution
		{1DBC52D1-937A-4830-8F82-6B5B3B8582A5} = {508990F1-51FB-43D8-97C8-EB55FD78A397}
		{0B74817F-A629-4DE0-B16F-D9DF3B0F1BC5} = {1DBC52D1-937A-4830-8F82-6B5B3B8582A5}
		{BBF46BDC-C2C4-4603-9254-F82EC619C52F} = {508990F1-51FB-43D8-97C8-EB55FD78A397}
		{199ABED2-E021-4B9D-8661-0369EB2126C3} = {BBF46BDC-C2C4-4603-9254-F82EC619C52F}
		{40ABA365-6768-485D-BC46-2C5FBE47ADFC} = {BBF46BDC-C2C4-4603-9254-F82EC619C52F}
		{5C4B64A4-3DEC-4D26-B961-A0E692CBA1BA} = {BBF46BDC-C2C4-4603-9254-F82EC619C52F}
		{D6273A0C-A679-4E1D-83C5-2F304AF5342F} = {BBF46BDC-C2C4-4603-9254-F82EC619C52F}
		{0FBE5F34-7CB5-4842-AF27-38A0BC97165F} = {BBF46BDC-C2C4-4603-9254-F82EC619C52F}
		{69B20737-4320-465C-93A5-1E67CBD0ED2E} = {BBF46BDC-C2C4-4603-9254-F82EC619C52F}
		{833EC277-1A03-4D92-B3F8-69A86E7900A4} = {BBF46BDC-C2C4-4603-9254-F82EC619C52F}
		{B6BE0B08-5B76-49FA-858F-8C9B0B100FDE} = {BBF46BDC-C2C4-4603-9254-F82EC619C52F}
		{EA2CB891-59D3-44BF-85AD-032E10523F3F} = {BEF40071-6542-418C-A40A-E32ED849FB68}
		{D9D0A290-CEB2-4ACC-BB2A-4F644A0DB253} = {BBF46BDC-C2C4-4603-9254-F82EC619C52F}
		{371B90DF-ADFA-4FF7-86AC-D2F5EBE21906} = {1DBC52D1-937A-4830-8F82-6B5B3B8582A5}
		{11B99386-EE33-48BF-B51A-DE00DCFD0B19} = {BEF40071-6542-418C-A40A-E32ED849FB68}
	EndGlobalSection
EndGlobal
